<?xml version="1.0" encoding="utf-8"?>
<Project ToolsVersion="4.0" xmlns="http://schemas.microsoft.com/developer/msbuild/2003">
  <ItemGroup>
    <Filter Include="Source Files">
      <UniqueIdentifier>{4FC737F1-C7A5-4376-A066-2A32D752A2FF}</UniqueIdentifier>
      <Extensions>cpp;c;cc;cxx;c++;cppm;ixx;def;odl;idl;hpj;bat;asm;asmx</Extensions>
    </Filter>
    <Filter Include="Header Files">
      <UniqueIdentifier>{93995380-89BD-4b04-88EB-625FBE52EBFB}</UniqueIdentifier>
      <Extensions>h;hh;hpp;hxx;h++;hm;inl;inc;ipp;xsd</Extensions>
    </Filter>
    <Filter Include="Resource Files">
      <UniqueIdentifier>{67DA6AB6-F800-4c08-8B7A-83BB121AAD01}</UniqueIdentifier>
      <Extensions>rc;ico;cur;bmp;dlg;rc2;rct;bin;rgs;gif;jpg;jpeg;jpe;resx;tiff;tif;png;wav;mfcribbon-ms</Extensions>
    </Filter>
    <Filter Include="Source Files\controllers">
      <UniqueIdentifier>{637b436e-44d3-4d40-8ac6-75e395cb1389}</UniqueIdentifier>
    </Filter>
    <Filter Include="Source Files\services">
      <UniqueIdentifier>{b4258598-5874-4256-ba33-df5a73837edb}</UniqueIdentifier>
    </Filter>
  </ItemGroup>
  <ItemGroup>
    <ClCompile Include="ccbase.cpp">
      <Filter>Source Files</Filter>
    </ClCompile>
    <ClCompile Include="damo_controller.cpp">
      <Filter>Source Files\controllers</Filter>
    </ClCompile>
    <ClCompile Include="yljs_service.cpp">
      <Filter>Source Files\services</Filter>
    </ClCompile>
    <ClCompile Include="damo.cpp">
      <Filter>Source Files\services</Filter>
    </ClCompile>
  </ItemGroup>
  <ItemGroup>
    <ClInclude Include="damo_controller.h">
      <Filter>Header Files</Filter>
    </ClInclude>
    <ClInclude Include="yljs_service.h">
      <Filter>Header Files</Filter>
    </ClInclude>
    <ClInclude Include="damo.h">
      <Filter>Header Files</Filter>
    </ClInclude>
  </ItemGroup>
</Project>